
Microsoft Visual Studio Solution File, Format Version 12.00
# Visual Studio 14
VisualStudioVersion = 14.0.25420.1
MinimumVisualStudioVersion = 10.0.40219.1
Project("{FAE04EC0-301F-11D3-BF4B-00C04F79EFBC}") = "ToDoList.Droid", "ToDoList\ToDoList.Droid\ToDoList.Droid.csproj", "{B66DB404-0D02-41B0-86E1-7D6B5218F832}"
EndProject
Project("{FAE04EC0-301F-11D3-BF4B-00C04F79EFBC}") = "ToDoList.iOS", "ToDoList\ToDoList.iOS\ToDoList.iOS.csproj", "{4E41C5CB-F423-42E2-B904-92A5BDFC01C2}"
EndProject
Project("{FAE04EC0-301F-11D3-BF4B-00C04F79EFBC}") = "ToDoList.WinPhone", "ToDoList\ToDoList.WinPhone\ToDoList.WinPhone.csproj", "{3DDBDA16-83FC-4F92-A7DE-494692156890}"
EndProject
Project("{FAE04EC0-301F-11D3-BF4B-00C04F79EFBC}") = "ToDoList", "ToDoList\ToDoList\ToDoList.csproj", "{0C310A09-2DF4-46AB-87B0-C4807097BD29}"
EndProject
Global
	GlobalSection(SolutionConfigurationPlatforms) = preSolution
		Debug|Any CPU = Debug|Any CPU
		Debug|ARM = Debug|ARM
		Debug|iPhone = Debug|iPhone
		Debug|iPhoneSimulator = Debug|iPhoneSimulator
		Debug|x86 = Debug|x86
		Release|Any CPU = Release|Any CPU
		Release|ARM = Release|ARM
		Release|iPhone = Release|iPhone
		Release|iPhoneSimulator = Release|iPhoneSimulator
		Release|x86 = Release|x86
	EndGlobalSection
	GlobalSection(ProjectConfigurationPlatforms) = postSolution
		{B66DB404-0D02-41B0-86E1-7D6B5218F832}.Debug|Any CPU.ActiveCfg = Debug|Any CPU
		{B66DB404-0D02-41B0-86E1-7D6B5218F832}.Debug|Any CPU.Build.0 = Debug|Any CPU
		{B66DB404-0D02-41B0-86E1-7D6B5218F832}.Debug|Any CPU.Deploy.0 = Debug|Any CPU
		{B66DB404-0D02-41B0-86E1-7D6B5218F832}.Debug|ARM.ActiveCfg = Debug|Any CPU
		{B66DB404-0D02-41B0-86E1-7D6B5218F832}.Debug|ARM.Build.0 = Debug|Any CPU
		{B66DB404-0D02-41B0-86E1-7D6B5218F832}.Debug|ARM.Deploy.0 = Debug|Any CPU
		{B66DB404-0D02-41B0-86E1-7D6B5218F832}.Debug|iPhone.ActiveCfg = Debug|Any CPU
		{B66DB404-0D02-41B0-86E1-7D6B5218F832}.Debug|iPhone.Build.0 = Debug|Any CPU
		{B66DB404-0D02-41B0-86E1-7D6B5218F832}.Debug|iPhone.Deploy.0 = Debug|Any CPU
		{B66DB404-0D02-41B0-86E1-7D6B5218F832}.Debug|iPhoneSimulator.ActiveCfg = Debug|Any CPU
		{B66DB404-0D02-41B0-86E1-7D6B5218F832}.Debug|iPhoneSimulator.Build.0 = Debug|Any CPU
		{B66DB404-0D02-41B0-86E1-7D6B5218F832}.Debug|iPhoneSimulator.Deploy.0 = Debug|Any CPU
		{B66DB404-0D02-41B0-86E1-7D6B5218F832}.Debug|x86.ActiveCfg = Debug|Any CPU
		{B66DB404-0D02-41B0-86E1-7D6B5218F832}.Debug|x86.Build.0 = Debug|Any CPU
		{B66DB404-0D02-41B0-86E1-7D6B5218F832}.Debug|x86.Deploy.0 = Debug|Any CPU
		{B66DB404-0D02-41B0-86E1-7D6B5218F832}.Release|Any CPU.ActiveCfg = Release|Any CPU
		{B66DB404-0D02-41B0-86E1-7D6B5218F832}.Release|Any CPU.Build.0 = Release|Any CPU
		{B66DB404-0D02-41B0-86E1-7D6B5218F832}.Release|Any CPU.Deploy.0 = Release|Any CPU
		{B66DB404-0D02-41B0-86E1-7D6B5218F832}.Release|ARM.ActiveCfg = Release|Any CPU
		{B66DB404-0D02-41B0-86E1-7D6B5218F832}.Release|ARM.Build.0 = Release|Any CPU
		{B66DB404-0D02-41B0-86E1-7D6B5218F832}.Release|ARM.Deploy.0 = Release|Any CPU
		{B66DB404-0D02-41B0-86E1-7D6B5218F832}.Release|iPhone.ActiveCfg = Release|Any CPU
		{B66DB404-0D02-41B0-86E1-7D6B5218F832}.Release|iPhone.Build.0 = Release|Any CPU
		{B66DB404-0D02-41B0-86E1-7D6B5218F832}.Release|iPhone.Deploy.0 = Release|Any CPU
		{B66DB404-0D02-41B0-86E1-7D6B5218F832}.Release|iPhoneSimulator.ActiveCfg = Release|Any CPU
		{B66DB404-0D02-41B0-86E1-7D6B5218F832}.Release|iPhoneSimulator.Build.0 = Release|Any CPU
		{B66DB404-0D02-41B0-86E1-7D6B5218F832}.Release|iPhoneSimulator.Deploy.0 = Release|Any CPU
		{B66DB404-0D02-41B0-86E1-7D6B5218F832}.Release|x86.ActiveCfg = Release|Any CPU
		{B66DB404-0D02-41B0-86E1-7D6B5218F832}.Release|x86.Build.0 = Release|Any CPU
		{B66DB404-0D02-41B0-86E1-7D6B5218F832}.Release|x86.Deploy.0 = Release|Any CPU
		{4E41C5CB-F423-42E2-B904-92A5BDFC01C2}.Debug|Any CPU.ActiveCfg = Debug|iPhone
		{4E41C5CB-F423-42E2-B904-92A5BDFC01C2}.Debug|ARM.ActiveCfg = Debug|iPhone
		{4E41C5CB-F423-42E2-B904-92A5BDFC01C2}.Debug|iPhone.ActiveCfg = Debug|iPhone
		{4E41C5CB-F423-42E2-B904-92A5BDFC01C2}.Debug|iPhone.Build.0 = Debug|iPhone
		{4E41C5CB-F423-42E2-B904-92A5BDFC01C2}.Debug|iPhoneSimulator.ActiveCfg = Debug|iPhoneSimulator
		{4E41C5CB-F423-42E2-B904-92A5BDFC01C2}.Debug|iPhoneSimulator.Build.0 = Debug|iPhoneSimulator
		{4E41C5CB-F423-42E2-B904-92A5BDFC01C2}.Debug|x86.ActiveCfg = Debug|iPhone
		{4E41C5CB-F423-42E2-B904-92A5BDFC01C2}.Release|Any CPU.ActiveCfg = Release|iPhone
		{4E41C5CB-F423-42E2-B904-92A5BDFC01C2}.Release|ARM.ActiveCfg = Release|iPhone
		{4E41C5CB-F423-42E2-B904-92A5BDFC01C2}.Release|iPhone.ActiveCfg = Release|iPhone
		{4E41C5CB-F423-42E2-B904-92A5BDFC01C2}.Release|iPhone.Build.0 = Release|iPhone
		{4E41C5CB-F423-42E2-B904-92A5BDFC01C2}.Release|iPhoneSimulator.ActiveCfg = Release|iPhoneSimulator
		{4E41C5CB-F423-42E2-B904-92A5BDFC01C2}.Release|iPhoneSimulator.Build.0 = Release|iPhoneSimulator
		{4E41C5CB-F423-42E2-B904-92A5BDFC01C2}.Release|x86.ActiveCfg = Release|iPhone
		{3DDBDA16-83FC-4F92-A7DE-494692156890}.Debug|Any CPU.ActiveCfg = Debug|Any CPU
		{3DDBDA16-83FC-4F92-A7DE-494692156890}.Debug|Any CPU.Build.0 = Debug|Any CPU
		{3DDBDA16-83FC-4F92-A7DE-494692156890}.Debug|Any CPU.Deploy.0 = Debug|Any CPU
		{3DDBDA16-83FC-4F92-A7DE-494692156890}.Debug|ARM.ActiveCfg = Debug|ARM
		{3DDBDA16-83FC-4F92-A7DE-494692156890}.Debug|ARM.Build.0 = Debug|ARM
		{3DDBDA16-83FC-4F92-A7DE-494692156890}.Debug|ARM.Deploy.0 = Debug|ARM
		{3DDBDA16-83FC-4F92-A7DE-494692156890}.Debug|iPhone.ActiveCfg = Debug|Any CPU
		{3DDBDA16-83FC-4F92-A7DE-494692156890}.Debug|iPhone.Build.0 = Debug|Any CPU
		{3DDBDA16-83FC-4F92-A7DE-494692156890}.Debug|iPhone.Deploy.0 = Debug|Any CPU
		{3DDBDA16-83FC-4F92-A7DE-494692156890}.Debug|iPhoneSimulator.ActiveCfg = Debug|Any CPU
		{3DDBDA16-83FC-4F92-A7DE-494692156890}.Debug|iPhoneSimulator.Build.0 = Debug|Any CPU
		{3DDBDA16-83FC-4F92-A7DE-494692156890}.Debug|iPhoneSimulator.Deploy.0 = Debug|Any CPU
		{3DDBDA16-83FC-4F92-A7DE-494692156890}.Debug|x86.ActiveCfg = Debug|x86
		{3DDBDA16-83FC-4F92-A7DE-494692156890}.Debug|x86.Build.0 = Debug|x86
		{3DDBDA16-83FC-4F92-A7DE-494692156890}.Debug|x86.Deploy.0 = Debug|x86
		{3DDBDA16-83FC-4F92-A7DE-494692156890}.Release|Any CPU.ActiveCfg = Release|Any CPU
		{3DDBDA16-83FC-4F92-A7DE-494692156890}.Release|Any CPU.Build.0 = Release|Any CPU
		{3DDBDA16-83FC-4F92-A7DE-494692156890}.Release|Any CPU.Deploy.0 = Release|Any CPU
		{3DDBDA16-83FC-4F92-A7DE-494692156890}.Release|ARM.ActiveCfg = Release|ARM
		{3DDBDA16-83FC-4F92-A7DE-494692156890}.Release|ARM.Build.0 = Release|ARM
		{3DDBDA16-83FC-4F92-A7DE-494692156890}.Release|ARM.Deploy.0 = Release|ARM
		{3DDBDA16-83FC-4F92-A7DE-494692156890}.Release|iPhone.ActiveCfg = Release|Any CPU
		{3DDBDA16-83FC-4F92-A7DE-494692156890}.Release|iPhone.Build.0 = Release|Any CPU
		{3DDBDA16-83FC-4F92-A7DE-494692156890}.Release|iPhone.Deploy.0 = Release|Any CPU
		{3DDBDA16-83FC-4F92-A7DE-494692156890}.Release|iPhoneSimulator.ActiveCfg = Release|Any CPU
		{3DDBDA16-83FC-4F92-A7DE-494692156890}.Release|iPhoneSimulator.Build.0 = Release|Any CPU
		{3DDBDA16-83FC-4F92-A7DE-494692156890}.Release|iPhoneSimulator.Deploy.0 = Release|Any CPU
		{3DDBDA16-83FC-4F92-A7DE-494692156890}.Release|x86.ActiveCfg = Release|x86
		{3DDBDA16-83FC-4F92-A7DE-494692156890}.Release|x86.Build.0 = Release|x86
		{3DDBDA16-83FC-4F92-A7DE-494692156890}.Release|x86.Deploy.0 = Release|x86
		{0C310A09-2DF4-46AB-87B0-C4807097BD29}.Debug|Any CPU.ActiveCfg = Debug|Any CPU
		{0C310A09-2DF4-46AB-87B0-C4807097BD29}.Debug|Any CPU.Build.0 = Debug|Any CPU
		{0C310A09-2DF4-46AB-87B0-C4807097BD29}.Debug|ARM.ActiveCfg = Debug|Any CPU
		{0C310A09-2DF4-46AB-87B0-C4807097BD29}.Debug|ARM.Build.0 = Debug|Any CPU
		{0C310A09-2DF4-46AB-87B0-C4807097BD29}.Debug|iPhone.ActiveCfg = Debug|Any CPU
		{0C310A09-2DF4-46AB-87B0-C4807097BD29}.Debug|iPhone.Build.0 = Debug|Any CPU
		{0C310A09-2DF4-46AB-87B0-C4807097BD29}.Debug|iPhoneSimulator.ActiveCfg = Debug|Any CPU
		{0C310A09-2DF4-46AB-87B0-C4807097BD29}.Debug|iPhoneSimulator.Build.0 = Debug|Any CPU
		{0C310A09-2DF4-46AB-87B0-C4807097BD29}.Debug|x86.ActiveCfg = Debug|Any CPU
		{0C310A09-2DF4-46AB-87B0-C4807097BD29}.Debug|x86.Build.0 = Debug|Any CPU
		{0C310A09-2DF4-46AB-87B0-C4807097BD29}.Release|Any CPU.ActiveCfg = Release|Any CPU
		{0C310A09-2DF4-46AB-87B0-C4807097BD29}.Release|Any CPU.Build.0 = Release|Any CPU
		{0C310A09-2DF4-46AB-87B0-C4807097BD29}.Release|ARM.ActiveCfg = Release|Any CPU
		{0C310A09-2DF4-46AB-87B0-C4807097BD29}.Release|ARM.Build.0 = Release|Any CPU
		{0C310A09-2DF4-46AB-87B0-C4807097BD29}.Release|iPhone.ActiveCfg = Release|Any CPU
		{0C310A09-2DF4-46AB-87B0-C4807097BD29}.Release|iPhone.Build.0 = Release|Any CPU
		{0C310A09-2DF4-46AB-87B0-C4807097BD29}.Release|iPhoneSimulator.ActiveCfg = Release|Any CPU
		{0C310A09-2DF4-46AB-87B0-C4807097BD29}.Release|iPhoneSimulator.Build.0 = Release|Any CPU
		{0C310A09-2DF4-46AB-87B0-C4807097BD29}.Release|x86.ActiveCfg = Release|Any CPU
		{0C310A09-2DF4-46AB-87B0-C4807097BD29}.Release|x86.Build.0 = Release|Any CPU
	EndGlobalSection
	GlobalSection(SolutionProperties) = preSolution
		HideSolutionNode = FALSE
	EndGlobalSection
EndGlobal
